{
  "nodes": {
    "crane": {
      "inputs": {
        "nixpkgs": [
          "nixpkgs"
        ]
      },
      "locked": {
        "lastModified": 1720226507,
        "narHash": "sha256-yHVvNsgrpyNTXZBEokL8uyB2J6gB1wEx0KOJzoeZi1A=",
        "owner": "ipetkov",
        "repo": "crane",
        "rev": "0aed560c5c0a61c9385bddff471a13036203e11c",
        "type": "github"
      },
      "original": {
        "owner": "ipetkov",
        "repo": "crane",
        "type": "github"
      }
    },
    "nixpkgs": {
      "locked": {
        "lastModified": 1720031269,
        "narHash": "sha256-rwz8NJZV+387rnWpTYcXaRNvzUSnnF9aHONoJIYmiUQ=",
        "owner": "NixOS",
        "repo": "nixpkgs",
        "rev": "9f4128e00b0ae8ec65918efeba59db998750ead6",
        "type": "github"
      },
      "original": {
        "owner": "NixOS",
        "ref": "nixos-unstable",
        "repo": "nixpkgs",
        "type": "github"
      }
    },
    "root": {
      "inputs": {
        "crane": "crane",
        "nixpkgs": "nixpkgs",
        "rust-overlay": "rust-overlay"
      }
    },
    "rust-overlay": {
      "inputs": {
        "nixpkgs": [
          "nixpkgs"
        ]
      },
      "locked": {
        "lastModified": 1720232258,
        "narHash": "sha256-eR5glZHS2bLpzUgTDhWGm04j+j5KMYKoDsY5DXAiuKQ=",
        "owner": "oxalica",
        "repo": "rust-overlay",
        "rev": "05ccbe21233d4e9110fc6428d2c3d74b430c3c69",
        "type": "github"
      },
      "original": {
        "owner": "oxalica",
        "repo": "rust-overlay",
        "type": "github"
      }
    }
  },
  "root": "root",
  "version": 7
}
